
Microsoft Visual Studio Solution File, Format Version 12.00
# Visual Studio Version 17
VisualStudioVersion = 17.6.33815.320
MinimumVisualStudioVersion = 10.0.40219.1
Project("{FAE04EC0-301F-11D3-BF4B-00C04F79EFBC}") = "Assignment_19_Part2", "Assignment_19_Part2\Assignment_19_Part2.csproj", "{9065638D-D3B1-4A6D-B43D-400EF13C55EE}"
EndProject
Global
	GlobalSection(SolutionConfigurationPlatforms) = preSolution
		Debug|Any CPU = Debug|Any CPU
		Release|Any CPU = Release|Any CPU
	EndGlobalSection
	GlobalSection(ProjectConfigurationPlatforms) = postSolution
		{9065638D-D3B1-4A6D-B43D-400EF13C55EE}.Debug|Any CPU.ActiveCfg = Debug|Any CPU
		{9065638D-D3B1-4A6D-B43D-400EF13C55EE}.Debug|Any CPU.Build.0 = Debug|Any CPU
		{9065638D-D3B1-4A6D-B43D-400EF13C55EE}.Release|Any CPU.ActiveCfg = Release|Any CPU
		{9065638D-D3B1-4A6D-B43D-400EF13C55EE}.Release|Any CPU.Build.0 = Release|Any CPU
	EndGlobalSection
	GlobalSection(SolutionProperties) = preSolution
		HideSolutionNode = FALSE
	EndGlobalSection
	GlobalSection(ExtensibilityGlobals) = postSolution
		SolutionGuid = {A04CD385-F994-4A59-81F5-2594EE491E0C}
	EndGlobalSection
EndGlobal
